
Microsoft Visual Studio Solution File, Format Version 12.00
# Visual Studio Version 17
VisualStudioVersion = 17.3.32825.248
MinimumVisualStudioVersion = 10.0.40219.1
Project("{2150E333-8FDC-42A3-9474-1A3956D46DE8}") = "misc", "misc", "{15D1714F-A923-40B8-B477-6324E500C3A8}"
	ProjectSection(SolutionItems) = preProject
		.editorconfig = .editorconfig
		.gitignore = .gitignore
		CHANGELOG.md = CHANGELOG.md
		favicon.ico = favicon.ico
		iconLog.png = iconLog.png
		iconMt.png = iconMt.png
		iconNet.png = iconNet.png
		README.md = README.md
	EndProjectSection
EndProject
Project("{2150E333-8FDC-42A3-9474-1A3956D46DE8}") = "src", "src", "{183CB288-C2B0-43A2-ADEE-284A57BD6689}"
EndProject
Project("{2150E333-8FDC-42A3-9474-1A3956D46DE8}") = "tests", "tests", "{2AC971DC-87FF-4172-8480-461D1FBAF942}"
EndProject
Project("{9A19103F-16F7-4668-BE54-9A1E7A4F7556}") = "Mt.ChangeLog.TransferObjects", "src\Mt.ChangeLog.TransferObjects\Mt.ChangeLog.TransferObjects.csproj", "{2BE9DD3E-ACA7-45C5-BF4D-A30474941BBA}"
EndProject
Project("{9A19103F-16F7-4668-BE54-9A1E7A4F7556}") = "Mt.ChangeLog.TransferObjects.Test", "tests\Mt.ChangeLog.TransferObjects.Test\Mt.ChangeLog.TransferObjects.Test.csproj", "{7C4B67E1-DF33-48C5-B8BE-30B4D6498B78}"
EndProject
Project("{9A19103F-16F7-4668-BE54-9A1E7A4F7556}") = "Mt.ChangeLog.Entities", "src\Mt.ChangeLog.Entities\Mt.ChangeLog.Entities.csproj", "{E972F4C0-830F-48B1-83AE-E251274F6A25}"
EndProject
Project("{9A19103F-16F7-4668-BE54-9A1E7A4F7556}") = "Mt.ChangeLog.Entities.Extensions", "src\Mt.ChangeLog.Entities.Extensions\Mt.ChangeLog.Entities.Extensions.csproj", "{8ED63BED-A87D-48F3-B5BC-8FA57E68DD98}"
EndProject
Project("{9A19103F-16F7-4668-BE54-9A1E7A4F7556}") = "Mt.ChangeLog.Repositories.Abstractions", "src\Mt.ChangeLog.Repositories.Abstractions\Mt.ChangeLog.Repositories.Abstractions.csproj", "{742287A8-09C5-4EF7-B25B-FBE7A630599F}"
EndProject
Project("{FAE04EC0-301F-11D3-BF4B-00C04F79EFBC}") = "Mt.ChangeLog.Logic", "src\Mt.ChangeLog.Logic\Mt.ChangeLog.Logic.csproj", "{554A9F1D-A8C2-491A-82C9-AC9F38C15A43}"
EndProject
Global
	GlobalSection(SolutionConfigurationPlatforms) = preSolution
		Debug|Any CPU = Debug|Any CPU
		Release|Any CPU = Release|Any CPU
	EndGlobalSection
	GlobalSection(ProjectConfigurationPlatforms) = postSolution
		{2BE9DD3E-ACA7-45C5-BF4D-A30474941BBA}.Debug|Any CPU.ActiveCfg = Debug|Any CPU
		{2BE9DD3E-ACA7-45C5-BF4D-A30474941BBA}.Debug|Any CPU.Build.0 = Debug|Any CPU
		{2BE9DD3E-ACA7-45C5-BF4D-A30474941BBA}.Release|Any CPU.ActiveCfg = Release|Any CPU
		{2BE9DD3E-ACA7-45C5-BF4D-A30474941BBA}.Release|Any CPU.Build.0 = Release|Any CPU
		{7C4B67E1-DF33-48C5-B8BE-30B4D6498B78}.Debug|Any CPU.ActiveCfg = Debug|Any CPU
		{7C4B67E1-DF33-48C5-B8BE-30B4D6498B78}.Debug|Any CPU.Build.0 = Debug|Any CPU
		{7C4B67E1-DF33-48C5-B8BE-30B4D6498B78}.Release|Any CPU.ActiveCfg = Release|Any CPU
		{7C4B67E1-DF33-48C5-B8BE-30B4D6498B78}.Release|Any CPU.Build.0 = Release|Any CPU
		{E972F4C0-830F-48B1-83AE-E251274F6A25}.Debug|Any CPU.ActiveCfg = Debug|Any CPU
		{E972F4C0-830F-48B1-83AE-E251274F6A25}.Debug|Any CPU.Build.0 = Debug|Any CPU
		{E972F4C0-830F-48B1-83AE-E251274F6A25}.Release|Any CPU.ActiveCfg = Release|Any CPU
		{E972F4C0-830F-48B1-83AE-E251274F6A25}.Release|Any CPU.Build.0 = Release|Any CPU
		{8ED63BED-A87D-48F3-B5BC-8FA57E68DD98}.Debug|Any CPU.ActiveCfg = Debug|Any CPU
		{8ED63BED-A87D-48F3-B5BC-8FA57E68DD98}.Debug|Any CPU.Build.0 = Debug|Any CPU
		{8ED63BED-A87D-48F3-B5BC-8FA57E68DD98}.Release|Any CPU.ActiveCfg = Release|Any CPU
		{8ED63BED-A87D-48F3-B5BC-8FA57E68DD98}.Release|Any CPU.Build.0 = Release|Any CPU
		{742287A8-09C5-4EF7-B25B-FBE7A630599F}.Debug|Any CPU.ActiveCfg = Debug|Any CPU
		{742287A8-09C5-4EF7-B25B-FBE7A630599F}.Debug|Any CPU.Build.0 = Debug|Any CPU
		{742287A8-09C5-4EF7-B25B-FBE7A630599F}.Release|Any CPU.ActiveCfg = Release|Any CPU
		{742287A8-09C5-4EF7-B25B-FBE7A630599F}.Release|Any CPU.Build.0 = Release|Any CPU
		{554A9F1D-A8C2-491A-82C9-AC9F38C15A43}.Debug|Any CPU.ActiveCfg = Debug|Any CPU
		{554A9F1D-A8C2-491A-82C9-AC9F38C15A43}.Debug|Any CPU.Build.0 = Debug|Any CPU
		{554A9F1D-A8C2-491A-82C9-AC9F38C15A43}.Release|Any CPU.ActiveCfg = Release|Any CPU
		{554A9F1D-A8C2-491A-82C9-AC9F38C15A43}.Release|Any CPU.Build.0 = Release|Any CPU
	EndGlobalSection
	GlobalSection(SolutionProperties) = preSolution
		HideSolutionNode = FALSE
	EndGlobalSection
	GlobalSection(NestedProjects) = preSolution
		{2BE9DD3E-ACA7-45C5-BF4D-A30474941BBA} = {183CB288-C2B0-43A2-ADEE-284A57BD6689}
		{7C4B67E1-DF33-48C5-B8BE-30B4D6498B78} = {2AC971DC-87FF-4172-8480-461D1FBAF942}
		{E972F4C0-830F-48B1-83AE-E251274F6A25} = {183CB288-C2B0-43A2-ADEE-284A57BD6689}
		{8ED63BED-A87D-48F3-B5BC-8FA57E68DD98} = {183CB288-C2B0-43A2-ADEE-284A57BD6689}
		{742287A8-09C5-4EF7-B25B-FBE7A630599F} = {183CB288-C2B0-43A2-ADEE-284A57BD6689}
		{554A9F1D-A8C2-491A-82C9-AC9F38C15A43} = {183CB288-C2B0-43A2-ADEE-284A57BD6689}
	EndGlobalSection
	GlobalSection(ExtensibilityGlobals) = postSolution
		SolutionGuid = {162FF285-BB5B-4CD2-8CFF-69C996967D1E}
	EndGlobalSection
EndGlobal
